// !$*UTF8*$!
{
	archiveVersion = 1;
	classes = {
	};
	objectVersion = 46;
	objects = {

/* Begin PBXBuildFile section */
		B48858F31BF9C388008DCF8A /* FSKModem.h in Headers */ = {isa = PBXBuildFile; fileRef = B48858F21BF9C388008DCF8A /* FSKModem.h */; settings = {ATTRIBUTES = (Public, ); }; };
		B48858F91BF9C3E0008DCF8A /* FSKModem.h in Headers */ = {isa = PBXBuildFile; fileRef = B48858F81BF9C3E0008DCF8A /* FSKModem.h */; settings = {ATTRIBUTES = (Public, ); }; };
		B488591D1BF9C403008DCF8A /* JMFSKModem.h in Headers */ = {isa = PBXBuildFile; fileRef = B48859011BF9C403008DCF8A /* JMFSKModem.h */; settings = {ATTRIBUTES = (Public, ); }; };
		B488591E1BF9C403008DCF8A /* JMFSKModem.m in Sources */ = {isa = PBXBuildFile; fileRef = B48859021BF9C403008DCF8A /* JMFSKModem.m */; };
		B488591F1BF9C403008DCF8A /* JMFSKModemConfiguration.h in Headers */ = {isa = PBXBuildFile; fileRef = B48859031BF9C403008DCF8A /* JMFSKModemConfiguration.h */; settings = {ATTRIBUTES = (Public, ); }; };
		B48859201BF9C403008DCF8A /* JMFSKModemConfiguration.m in Sources */ = {isa = PBXBuildFile; fileRef = B48859041BF9C403008DCF8A /* JMFSKModemConfiguration.m */; };
		B48859211BF9C403008DCF8A /* JMFSKModemDelegate.h in Headers */ = {isa = PBXBuildFile; fileRef = B48859051BF9C403008DCF8A /* JMFSKModemDelegate.h */; settings = {ATTRIBUTES = (Public, ); }; };
		B48859341BF9C520008DCF8A /* AudioToolbox.framework in Frameworks */ = {isa = PBXBuildFile; fileRef = B48859331BF9C520008DCF8A /* AudioToolbox.framework */; };
		B48859361BF9C52E008DCF8A /* AVFoundation.framework in Frameworks */ = {isa = PBXBuildFile; fileRef = B48859351BF9C52E008DCF8A /* AVFoundation.framework */; };
		B48859381BF9C53F008DCF8A /* AVFoundation.framework in Frameworks */ = {isa = PBXBuildFile; fileRef = B48859371BF9C53F008DCF8A /* AVFoundation.framework */; };
		B488593A1BF9C545008DCF8A /* AudioToolbox.framework in Frameworks */ = {isa = PBXBuildFile; fileRef = B48859391BF9C545008DCF8A /* AudioToolbox.framework */; };
		B488593E1BF9C556008DCF8A /* JMFSKModem.m in Sources */ = {isa = PBXBuildFile; fileRef = B48859021BF9C403008DCF8A /* JMFSKModem.m */; };
		B488593F1BF9C556008DCF8A /* JMFSKModemConfiguration.m in Sources */ = {isa = PBXBuildFile; fileRef = B48859041BF9C403008DCF8A /* JMFSKModemConfiguration.m */; };
		B488594A1BF9C562008DCF8A /* JMFSKModem.h in Headers */ = {isa = PBXBuildFile; fileRef = B48859011BF9C403008DCF8A /* JMFSKModem.h */; settings = {ATTRIBUTES = (Public, ); }; };
		B488594B1BF9C562008DCF8A /* JMFSKModemConfiguration.h in Headers */ = {isa = PBXBuildFile; fileRef = B48859031BF9C403008DCF8A /* JMFSKModemConfiguration.h */; settings = {ATTRIBUTES = (Public, ); }; };
		B488594C1BF9C562008DCF8A /* JMFSKModemDelegate.h in Headers */ = {isa = PBXBuildFile; fileRef = B48859051BF9C403008DCF8A /* JMFSKModemDelegate.h */; settings = {ATTRIBUTES = (Public, ); }; };
		B488595E1BF9C73D008DCF8A /* main.m in Sources */ = {isa = PBXBuildFile; fileRef = B488595D1BF9C73D008DCF8A /* main.m */; };
		B48859611BF9C73D008DCF8A /* AppDelegate.m in Sources */ = {isa = PBXBuildFile; fileRef = B48859601BF9C73D008DCF8A /* AppDelegate.m */; };
		B48859641BF9C73D008DCF8A /* ViewController.m in Sources */ = {isa = PBXBuildFile; fileRef = B48859631BF9C73D008DCF8A /* ViewController.m */; };
		B48859671BF9C73D008DCF8A /* Main.storyboard in Resources */ = {isa = PBXBuildFile; fileRef = B48859651BF9C73D008DCF8A /* Main.storyboard */; };
		B48859691BF9C73D008DCF8A /* Assets.xcassets in Resources */ = {isa = PBXBuildFile; fileRef = B48859681BF9C73D008DCF8A /* Assets.xcassets */; };
		B488596C1BF9C73D008DCF8A /* LaunchScreen.storyboard in Resources */ = {isa = PBXBuildFile; fileRef = B488596A1BF9C73D008DCF8A /* LaunchScreen.storyboard */; };
		B48859791BF9C750008DCF8A /* AppDelegate.m in Sources */ = {isa = PBXBuildFile; fileRef = B48859781BF9C750008DCF8A /* AppDelegate.m */; };
		B488597C1BF9C750008DCF8A /* main.m in Sources */ = {isa = PBXBuildFile; fileRef = B488597B1BF9C750008DCF8A /* main.m */; };
		B488597E1BF9C750008DCF8A /* Assets.xcassets in Resources */ = {isa = PBXBuildFile; fileRef = B488597D1BF9C750008DCF8A /* Assets.xcassets */; };
		B48859811BF9C750008DCF8A /* MainMenu.xib in Resources */ = {isa = PBXBuildFile; fileRef = B488597F1BF9C750008DCF8A /* MainMenu.xib */; };
		B48859881BF9C7C6008DCF8A /* FSKModem.framework in Frameworks */ = {isa = PBXBuildFile; fileRef = B48858E31BF9C35B008DCF8A /* FSKModem.framework */; };
		B48859891BF9C7C6008DCF8A /* FSKModem.framework in Embed Frameworks */ = {isa = PBXBuildFile; fileRef = B48858E31BF9C35B008DCF8A /* FSKModem.framework */; settings = {ATTRIBUTES = (CodeSignOnCopy, RemoveHeadersOnCopy, ); }; };
		B488598B1BF9C7D0008DCF8A /* FSKModem.framework in Frameworks */ = {isa = PBXBuildFile; fileRef = B48858F01BF9C388008DCF8A /* FSKModem.framework */; };
		B488598C1BF9C7D0008DCF8A /* FSKModem.framework in Embed Frameworks */ = {isa = PBXBuildFile; fileRef = B48858F01BF9C388008DCF8A /* FSKModem.framework */; settings = {ATTRIBUTES = (CodeSignOnCopy, RemoveHeadersOnCopy, ); }; };
		B48859A71BF9F589008DCF8A /* JMAudioInputStream.h in Headers */ = {isa = PBXBuildFile; fileRef = B48859911BF9F589008DCF8A /* JMAudioInputStream.h */; settings = {ATTRIBUTES = (Private, ); }; };
		B48859A81BF9F589008DCF8A /* JMAudioInputStream.m in Sources */ = {isa = PBXBuildFile; fileRef = B48859921BF9F589008DCF8A /* JMAudioInputStream.m */; };
		B48859A91BF9F589008DCF8A /* JMAudioOutputStream.h in Headers */ = {isa = PBXBuildFile; fileRef = B48859931BF9F589008DCF8A /* JMAudioOutputStream.h */; settings = {ATTRIBUTES = (Private, ); }; };
		B48859AA1BF9F589008DCF8A /* JMAudioOutputStream.m in Sources */ = {isa = PBXBuildFile; fileRef = B48859941BF9F589008DCF8A /* JMAudioOutputStream.m */; };
		B48859AB1BF9F589008DCF8A /* JMAudioSource.h in Headers */ = {isa = PBXBuildFile; fileRef = B48859951BF9F589008DCF8A /* JMAudioSource.h */; settings = {ATTRIBUTES = (Private, ); }; };
		B48859AC1BF9F589008DCF8A /* JMAudioStream.h in Headers */ = {isa = PBXBuildFile; fileRef = B48859961BF9F589008DCF8A /* JMAudioStream.h */; settings = {ATTRIBUTES = (Private, ); }; };
		B48859AD1BF9F589008DCF8A /* JMAudioStream.m in Sources */ = {isa = PBXBuildFile; fileRef = B48859971BF9F589008DCF8A /* JMAudioStream.m */; };
		B48859AE1BF9F589008DCF8A /* JMFSKRecognizer.h in Headers */ = {isa = PBXBuildFile; fileRef = B48859981BF9F589008DCF8A /* JMFSKRecognizer.h */; settings = {ATTRIBUTES = (Private, ); }; };
		B48859AF1BF9F589008DCF8A /* JMFSKRecognizer.m in Sources */ = {isa = PBXBuildFile; fileRef = B48859991BF9F589008DCF8A /* JMFSKRecognizer.m */; };
		B48859B01BF9F589008DCF8A /* JMFSKRecognizerDelegate.h in Headers */ = {isa = PBXBuildFile; fileRef = B488599A1BF9F589008DCF8A /* JMFSKRecognizerDelegate.h */; settings = {ATTRIBUTES = (Private, ); }; };
		B48859B11BF9F589008DCF8A /* JMFSKSerialGenerator.h in Headers */ = {isa = PBXBuildFile; fileRef = B488599B1BF9F589008DCF8A /* JMFSKSerialGenerator.h */; settings = {ATTRIBUTES = (Private, ); }; };
		B48859B21BF9F589008DCF8A /* JMFSKSerialGenerator.m in Sources */ = {isa = PBXBuildFile; fileRef = B488599C1BF9F589008DCF8A /* JMFSKSerialGenerator.m */; };
		B48859B31BF9F589008DCF8A /* JMPatternRecognizer.h in Headers */ = {isa = PBXBuildFile; fileRef = B488599D1BF9F589008DCF8A /* JMPatternRecognizer.h */; settings = {ATTRIBUTES = (Private, ); }; };
		B48859B41BF9F589008DCF8A /* JMProtocolDecoder.h in Headers */ = {isa = PBXBuildFile; fileRef = B488599E1BF9F589008DCF8A /* JMProtocolDecoder.h */; settings = {ATTRIBUTES = (Private, ); }; };
		B48859B51BF9F589008DCF8A /* JMProtocolDecoder.m in Sources */ = {isa = PBXBuildFile; fileRef = B488599F1BF9F589008DCF8A /* JMProtocolDecoder.m */; };
		B48859B61BF9F589008DCF8A /* JMProtocolDecoderDelegate.h in Headers */ = {isa = PBXBuildFile; fileRef = B48859A01BF9F589008DCF8A /* JMProtocolDecoderDelegate.h */; settings = {ATTRIBUTES = (Private, ); }; };
		B48859B71BF9F589008DCF8A /* JMProtocolEncoder.h in Headers */ = {isa = PBXBuildFile; fileRef = B48859A11BF9F589008DCF8A /* JMProtocolEncoder.h */; settings = {ATTRIBUTES = (Private, ); }; };
		B48859B81BF9F589008DCF8A /* JMProtocolEncoder.m in Sources */ = {isa = PBXBuildFile; fileRef = B48859A21BF9F589008DCF8A /* JMProtocolEncoder.m */; };
		B48859B91BF9F589008DCF8A /* JMQueue.h in Headers */ = {isa = PBXBuildFile; fileRef = B48859A31BF9F589008DCF8A /* JMQueue.h */; settings = {ATTRIBUTES = (Private, ); }; };
		B48859BA1BF9F589008DCF8A /* JMQueue.m in Sources */ = {isa = PBXBuildFile; fileRef = B48859A41BF9F589008DCF8A /* JMQueue.m */; };
		B48859BB1BF9F589008DCF8A /* JMQueueNode.h in Headers */ = {isa = PBXBuildFile; fileRef = B48859A51BF9F589008DCF8A /* JMQueueNode.h */; settings = {ATTRIBUTES = (Private, ); }; };
		B48859BC1BF9F589008DCF8A /* JMQueueNode.m in Sources */ = {isa = PBXBuildFile; fileRef = B48859A61BF9F589008DCF8A /* JMQueueNode.m */; };
		B48859BD1BF9F5B2008DCF8A /* JMAudioInputStream.h in Headers */ = {isa = PBXBuildFile; fileRef = B48859911BF9F589008DCF8A /* JMAudioInputStream.h */; settings = {ATTRIBUTES = (Private, ); }; };
		B48859BE1BF9F5B2008DCF8A /* JMAudioOutputStream.h in Headers */ = {isa = PBXBuildFile; fileRef = B48859931BF9F589008DCF8A /* JMAudioOutputStream.h */; settings = {ATTRIBUTES = (Private, ); }; };
		B48859BF1BF9F5B2008DCF8A /* JMAudioSource.h in Headers */ = {isa = PBXBuildFile; fileRef = B48859951BF9F589008DCF8A /* JMAudioSource.h */; settings = {ATTRIBUTES = (Private, ); }; };
		B48859C01BF9F5B2008DCF8A /* JMAudioStream.h in Headers */ = {isa = PBXBuildFile; fileRef = B48859961BF9F589008DCF8A /* JMAudioStream.h */; settings = {ATTRIBUTES = (Private, ); }; };
		B48859C11BF9F5B2008DCF8A /* JMFSKRecognizer.h in Headers */ = {isa = PBXBuildFile; fileRef = B48859981BF9F589008DCF8A /* JMFSKRecognizer.h */; settings = {ATTRIBUTES = (Private, ); }; };
		B48859C21BF9F5B2008DCF8A /* JMFSKRecognizerDelegate.h in Headers */ = {isa = PBXBuildFile; fileRef = B488599A1BF9F589008DCF8A /* JMFSKRecognizerDelegate.h */; settings = {ATTRIBUTES = (Private, ); }; };
		B48859C31BF9F5B2008DCF8A /* JMFSKSerialGenerator.h in Headers */ = {isa = PBXBuildFile; fileRef = B488599B1BF9F589008DCF8A /* JMFSKSerialGenerator.h */; settings = {ATTRIBUTES = (Private, ); }; };
		B48859C41BF9F5B2008DCF8A /* JMPatternRecognizer.h in Headers */ = {isa = PBXBuildFile; fileRef = B488599D1BF9F589008DCF8A /* JMPatternRecognizer.h */; settings = {ATTRIBUTES = (Private, ); }; };
		B48859C51BF9F5B2008DCF8A /* JMProtocolDecoder.h in Headers */ = {isa = PBXBuildFile; fileRef = B488599E1BF9F589008DCF8A /* JMProtocolDecoder.h */; settings = {ATTRIBUTES = (Private, ); }; };
		B48859C61BF9F5B2008DCF8A /* JMProtocolDecoderDelegate.h in Headers */ = {isa = PBXBuildFile; fileRef = B48859A01BF9F589008DCF8A /* JMProtocolDecoderDelegate.h */; settings = {ATTRIBUTES = (Private, ); }; };
		B48859C71BF9F5B2008DCF8A /* JMProtocolEncoder.h in Headers */ = {isa = PBXBuildFile; fileRef = B48859A11BF9F589008DCF8A /* JMProtocolEncoder.h */; settings = {ATTRIBUTES = (Private, ); }; };
		B48859C81BF9F5B2008DCF8A /* JMQueue.h in Headers */ = {isa = PBXBuildFile; fileRef = B48859A31BF9F589008DCF8A /* JMQueue.h */; settings = {ATTRIBUTES = (Private, ); }; };
		B48859C91BF9F5B2008DCF8A /* JMQueueNode.h in Headers */ = {isa = PBXBuildFile; fileRef = B48859A51BF9F589008DCF8A /* JMQueueNode.h */; settings = {ATTRIBUTES = (Private, ); }; };
/* End PBXBuildFile section */

/* Begin PBXContainerItemProxy section */
		B48859861BF9C7B1008DCF8A /* PBXContainerItemProxy */ = {
			isa = PBXContainerItemProxy;
			containerPortal = B48858BC1BF9C32D008DCF8A /* Project object */;
			proxyType = 1;
			remoteGlobalIDString = B48858E21BF9C35B008DCF8A;
			remoteInfo = "FSKModem iOS";
		};
		B488598D1BF9C7D0008DCF8A /* PBXContainerItemProxy */ = {
			isa = PBXContainerItemProxy;
			containerPortal = B48858BC1BF9C32D008DCF8A /* Project object */;
			proxyType = 1;
			remoteGlobalIDString = B48858EF1BF9C388008DCF8A;
			remoteInfo = "FSKModem OSX";
		};
/* End PBXContainerItemProxy section */

/* Begin PBXCopyFilesBuildPhase section */
		B488598A1BF9C7C6008DCF8A /* Embed Frameworks */ = {
			isa = PBXCopyFilesBuildPhase;
			buildActionMask = 2147483647;
			dstPath = "";
			dstSubfolderSpec = 10;
			files = (
				B48859891BF9C7C6008DCF8A /* FSKModem.framework in Embed Frameworks */,
			);
			name = "Embed Frameworks";
			runOnlyForDeploymentPostprocessing = 0;
		};
		B488598F1BF9C7D0008DCF8A /* Embed Frameworks */ = {
			isa = PBXCopyFilesBuildPhase;
			buildActionMask = 2147483647;
			dstPath = "";
			dstSubfolderSpec = 10;
			files = (
				B488598C1BF9C7D0008DCF8A /* FSKModem.framework in Embed Frameworks */,
			);
			name = "Embed Frameworks";
			runOnlyForDeploymentPostprocessing = 0;
		};
/* End PBXCopyFilesBuildPhase section */

/* Begin PBXFileReference section */
		B48858E31BF9C35B008DCF8A /* FSKModem.framework */ = {isa = PBXFileReference; explicitFileType = wrapper.framework; includeInIndex = 0; path = FSKModem.framework; sourceTree = BUILT_PRODUCTS_DIR; };
		B48858E71BF9C35B008DCF8A /* Info.plist */ = {isa = PBXFileReference; lastKnownFileType = text.plist.xml; path = Info.plist; sourceTree = "<group>"; };
		B48858F01BF9C388008DCF8A /* FSKModem.framework */ = {isa = PBXFileReference; explicitFileType = wrapper.framework; includeInIndex = 0; path = FSKModem.framework; sourceTree = BUILT_PRODUCTS_DIR; };
		B48858F21BF9C388008DCF8A /* FSKModem.h */ = {isa = PBXFileReference; lastKnownFileType = sourcecode.c.h; path = FSKModem.h; sourceTree = "<group>"; };
		B48858F41BF9C388008DCF8A /* Info.plist */ = {isa = PBXFileReference; lastKnownFileType = text.plist.xml; path = Info.plist; sourceTree = "<group>"; };
		B48858F81BF9C3E0008DCF8A /* FSKModem.h */ = {isa = PBXFileReference; fileEncoding = 4; lastKnownFileType = sourcecode.c.h; path = FSKModem.h; sourceTree = "<group>"; };
		B48859011BF9C403008DCF8A /* JMFSKModem.h */ = {isa = PBXFileReference; fileEncoding = 4; lastKnownFileType = sourcecode.c.h; name = JMFSKModem.h; path = Source/JMFSKModem.h; sourceTree = SOURCE_ROOT; };
		B48859021BF9C403008DCF8A /* JMFSKModem.m */ = {isa = PBXFileReference; explicitFileType = sourcecode.c.objc; fileEncoding = 4; name = JMFSKModem.m; path = Source/JMFSKModem.m; sourceTree = SOURCE_ROOT; };
		B48859031BF9C403008DCF8A /* JMFSKModemConfiguration.h */ = {isa = PBXFileReference; fileEncoding = 4; lastKnownFileType = sourcecode.c.h; name = JMFSKModemConfiguration.h; path = Source/JMFSKModemConfiguration.h; sourceTree = SOURCE_ROOT; };
		B48859041BF9C403008DCF8A /* JMFSKModemConfiguration.m */ = {isa = PBXFileReference; fileEncoding = 4; lastKnownFileType = sourcecode.c.objc; name = JMFSKModemConfiguration.m; path = Source/JMFSKModemConfiguration.m; sourceTree = SOURCE_ROOT; };
		B48859051BF9C403008DCF8A /* JMFSKModemDelegate.h */ = {isa = PBXFileReference; fileEncoding = 4; lastKnownFileType = sourcecode.c.h; name = JMFSKModemDelegate.h; path = Source/JMFSKModemDelegate.h; sourceTree = SOURCE_ROOT; };
		B48859331BF9C520008DCF8A /* AudioToolbox.framework */ = {isa = PBXFileReference; lastKnownFileType = wrapper.framework; name = AudioToolbox.framework; path = System/Library/Frameworks/AudioToolbox.framework; sourceTree = SDKROOT; };
		B48859351BF9C52E008DCF8A /* AVFoundation.framework */ = {isa = PBXFileReference; lastKnownFileType = wrapper.framework; name = AVFoundation.framework; path = System/Library/Frameworks/AVFoundation.framework; sourceTree = SDKROOT; };
		B48859371BF9C53F008DCF8A /* AVFoundation.framework */ = {isa = PBXFileReference; lastKnownFileType = wrapper.framework; name = AVFoundation.framework; path = Platforms/MacOSX.platform/Developer/SDKs/MacOSX10.11.sdk/System/Library/Frameworks/AVFoundation.framework; sourceTree = DEVELOPER_DIR; };
		B48859391BF9C545008DCF8A /* AudioToolbox.framework */ = {isa = PBXFileReference; lastKnownFileType = wrapper.framework; name = AudioToolbox.framework; path = Platforms/MacOSX.platform/Developer/SDKs/MacOSX10.11.sdk/System/Library/Frameworks/AudioToolbox.framework; sourceTree = DEVELOPER_DIR; };
		B488595A1BF9C73D008DCF8A /* iOS Example.app */ = {isa = PBXFileReference; explicitFileType = wrapper.application; includeInIndex = 0; path = "iOS Example.app"; sourceTree = BUILT_PRODUCTS_DIR; };
		B488595D1BF9C73D008DCF8A /* main.m */ = {isa = PBXFileReference; lastKnownFileType = sourcecode.c.objc; path = main.m; sourceTree = "<group>"; };
		B488595F1BF9C73D008DCF8A /* AppDelegate.h */ = {isa = PBXFileReference; lastKnownFileType = sourcecode.c.h; path = AppDelegate.h; sourceTree = "<group>"; };
		B48859601BF9C73D008DCF8A /* AppDelegate.m */ = {isa = PBXFileReference; lastKnownFileType = sourcecode.c.objc; path = AppDelegate.m; sourceTree = "<group>"; };
		B48859621BF9C73D008DCF8A /* ViewController.h */ = {isa = PBXFileReference; lastKnownFileType = sourcecode.c.h; path = ViewController.h; sourceTree = "<group>"; };
		B48859631BF9C73D008DCF8A /* ViewController.m */ = {isa = PBXFileReference; lastKnownFileType = sourcecode.c.objc; path = ViewController.m; sourceTree = "<group>"; };
		B48859661BF9C73D008DCF8A /* Base */ = {isa = PBXFileReference; lastKnownFileType = file.storyboard; name = Base; path = Base.lproj/Main.storyboard; sourceTree = "<group>"; };
		B48859681BF9C73D008DCF8A /* Assets.xcassets */ = {isa = PBXFileReference; lastKnownFileType = folder.assetcatalog; path = Assets.xcassets; sourceTree = "<group>"; };
		B488596B1BF9C73D008DCF8A /* Base */ = {isa = PBXFileReference; lastKnownFileType = file.storyboard; name = Base; path = Base.lproj/LaunchScreen.storyboard; sourceTree = "<group>"; };
		B488596D1BF9C73D008DCF8A /* Info.plist */ = {isa = PBXFileReference; lastKnownFileType = text.plist.xml; path = Info.plist; sourceTree = "<group>"; };
		B48859751BF9C750008DCF8A /* OSX Example.app */ = {isa = PBXFileReference; explicitFileType = wrapper.application; includeInIndex = 0; path = "OSX Example.app"; sourceTree = BUILT_PRODUCTS_DIR; };
		B48859771BF9C750008DCF8A /* AppDelegate.h */ = {isa = PBXFileReference; lastKnownFileType = sourcecode.c.h; path = AppDelegate.h; sourceTree = "<group>"; };
		B48859781BF9C750008DCF8A /* AppDelegate.m */ = {isa = PBXFileReference; lastKnownFileType = sourcecode.c.objc; path = AppDelegate.m; sourceTree = "<group>"; };
		B488597B1BF9C750008DCF8A /* main.m */ = {isa = PBXFileReference; lastKnownFileType = sourcecode.c.objc; path = main.m; sourceTree = "<group>"; };
		B488597D1BF9C750008DCF8A /* Assets.xcassets */ = {isa = PBXFileReference; lastKnownFileType = folder.assetcatalog; path = Assets.xcassets; sourceTree = "<group>"; };
		B48859801BF9C750008DCF8A /* Base */ = {isa = PBXFileReference; lastKnownFileType = file.xib; name = Base; path = Base.lproj/MainMenu.xib; sourceTree = "<group>"; };
		B48859821BF9C750008DCF8A /* Info.plist */ = {isa = PBXFileReference; lastKnownFileType = text.plist.xml; path = Info.plist; sourceTree = "<group>"; };
		B48859911BF9F589008DCF8A /* JMAudioInputStream.h */ = {isa = PBXFileReference; fileEncoding = 4; lastKnownFileType = sourcecode.c.h; name = JMAudioInputStream.h; path = Source/Internal/JMAudioInputStream.h; sourceTree = "<group>"; };
		B48859921BF9F589008DCF8A /* JMAudioInputStream.m */ = {isa = PBXFileReference; fileEncoding = 4; lastKnownFileType = sourcecode.c.objc; name = JMAudioInputStream.m; path = Source/Internal/JMAudioInputStream.m; sourceTree = "<group>"; };
		B48859931BF9F589008DCF8A /* JMAudioOutputStream.h */ = {isa = PBXFileReference; fileEncoding = 4; lastKnownFileType = sourcecode.c.h; name = JMAudioOutputStream.h; path = Source/Internal/JMAudioOutputStream.h; sourceTree = "<group>"; };
		B48859941BF9F589008DCF8A /* JMAudioOutputStream.m */ = {isa = PBXFileReference; fileEncoding = 4; lastKnownFileType = sourcecode.c.objc; name = JMAudioOutputStream.m; path = Source/Internal/JMAudioOutputStream.m; sourceTree = "<group>"; };
		B48859951BF9F589008DCF8A /* JMAudioSource.h */ = {isa = PBXFileReference; fileEncoding = 4; lastKnownFileType = sourcecode.c.h; name = JMAudioSource.h; path = Source/Internal/JMAudioSource.h; sourceTree = "<group>"; };
		B48859961BF9F589008DCF8A /* JMAudioStream.h */ = {isa = PBXFileReference; fileEncoding = 4; lastKnownFileType = sourcecode.c.h; name = JMAudioStream.h; path = Source/Internal/JMAudioStream.h; sourceTree = "<group>"; };
		B48859971BF9F589008DCF8A /* JMAudioStream.m */ = {isa = PBXFileReference; fileEncoding = 4; lastKnownFileType = sourcecode.c.objc; name = JMAudioStream.m; path = Source/Internal/JMAudioStream.m; sourceTree = "<group>"; };
		B48859981BF9F589008DCF8A /* JMFSKRecognizer.h */ = {isa = PBXFileReference; fileEncoding = 4; lastKnownFileType = sourcecode.c.h; name = JMFSKRecognizer.h; path = Source/Internal/JMFSKRecognizer.h; sourceTree = "<group>"; };
		B48859991BF9F589008DCF8A /* JMFSKRecognizer.m */ = {isa = PBXFileReference; fileEncoding = 4; lastKnownFileType = sourcecode.c.objc; name = JMFSKRecognizer.m; path = Source/Internal/JMFSKRecognizer.m; sourceTree = "<group>"; };
		B488599A1BF9F589008DCF8A /* JMFSKRecognizerDelegate.h */ = {isa = PBXFileReference; fileEncoding = 4; lastKnownFileType = sourcecode.c.h; name = JMFSKRecognizerDelegate.h; path = Source/Internal/JMFSKRecognizerDelegate.h; sourceTree = "<group>"; };
		B488599B1BF9F589008DCF8A /* JMFSKSerialGenerator.h */ = {isa = PBXFileReference; fileEncoding = 4; lastKnownFileType = sourcecode.c.h; name = JMFSKSerialGenerator.h; path = Source/Internal/JMFSKSerialGenerator.h; sourceTree = "<group>"; };
		B488599C1BF9F589008DCF8A /* JMFSKSerialGenerator.m */ = {isa = PBXFileReference; explicitFileType = sourcecode.c.objc; fileEncoding = 4; name = JMFSKSerialGenerator.m; path = Source/Internal/JMFSKSerialGenerator.m; sourceTree = "<group>"; };
		B488599D1BF9F589008DCF8A /* JMPatternRecognizer.h */ = {isa = PBXFileReference; fileEncoding = 4; lastKnownFileType = sourcecode.c.h; name = JMPatternRecognizer.h; path = Source/Internal/JMPatternRecognizer.h; sourceTree = "<group>"; };
		B488599E1BF9F589008DCF8A /* JMProtocolDecoder.h */ = {isa = PBXFileReference; fileEncoding = 4; lastKnownFileType = sourcecode.c.h; name = JMProtocolDecoder.h; path = Source/Internal/JMProtocolDecoder.h; sourceTree = "<group>"; };
		B488599F1BF9F589008DCF8A /* JMProtocolDecoder.m */ = {isa = PBXFileReference; fileEncoding = 4; lastKnownFileType = sourcecode.c.objc; name = JMProtocolDecoder.m; path = Source/Internal/JMProtocolDecoder.m; sourceTree = "<group>"; };
		B48859A01BF9F589008DCF8A /* JMProtocolDecoderDelegate.h */ = {isa = PBXFileReference; fileEncoding = 4; lastKnownFileType = sourcecode.c.h; name = JMProtocolDecoderDelegate.h; path = Source/Internal/JMProtocolDecoderDelegate.h; sourceTree = "<group>"; };
		B48859A11BF9F589008DCF8A /* JMProtocolEncoder.h */ = {isa = PBXFileReference; fileEncoding = 4; lastKnownFileType = sourcecode.c.h; name = JMProtocolEncoder.h; path = Source/Internal/JMProtocolEncoder.h; sourceTree = "<group>"; };
		B48859A21BF9F589008DCF8A /* JMProtocolEncoder.m */ = {isa = PBXFileReference; fileEncoding = 4; lastKnownFileType = sourcecode.c.objc; name = JMProtocolEncoder.m; path = Source/Internal/JMProtocolEncoder.m; sourceTree = "<group>"; };
		B48859A31BF9F589008DCF8A /* JMQueue.h */ = {isa = PBXFileReference; fileEncoding = 4; lastKnownFileType = sourcecode.c.h; name = JMQueue.h; path = Source/Internal/JMQueue.h; sourceTree = "<group>"; };
		B48859A41BF9F589008DCF8A /* JMQueue.m */ = {isa = PBXFileReference; fileEncoding = 4; lastKnownFileType = sourcecode.c.objc; name = JMQueue.m; path = Source/Internal/JMQueue.m; sourceTree = "<group>"; };
		B48859A51BF9F589008DCF8A /* JMQueueNode.h */ = {isa = PBXFileReference; fileEncoding = 4; lastKnownFileType = sourcecode.c.h; name = JMQueueNode.h; path = Source/Internal/JMQueueNode.h; sourceTree = "<group>"; };
		B48859A61BF9F589008DCF8A /* JMQueueNode.m */ = {isa = PBXFileReference; fileEncoding = 4; lastKnownFileType = sourcecode.c.objc; name = JMQueueNode.m; path = Source/Internal/JMQueueNode.m; sourceTree = "<group>"; };
/* End PBXFileReference section */

/* Begin PBXFrameworksBuildPhase section */
		B48858DF1BF9C35B008DCF8A /* Frameworks */ = {
			isa = PBXFrameworksBuildPhase;
			buildActionMask = 2147483647;
			files = (
				B48859361BF9C52E008DCF8A /* AVFoundation.framework in Frameworks */,
				B48859341BF9C520008DCF8A /* AudioToolbox.framework in Frameworks */,
			);
			runOnlyForDeploymentPostprocessing = 0;
		};
		B48858EC1BF9C388008DCF8A /* Frameworks */ = {
			isa = PBXFrameworksBuildPhase;
			buildActionMask = 2147483647;
			files = (
				B488593A1BF9C545008DCF8A /* AudioToolbox.framework in Frameworks */,
				B48859381BF9C53F008DCF8A /* AVFoundation.framework in Frameworks */,
			);
			runOnlyForDeploymentPostprocessing = 0;
		};
		B48859571BF9C73D008DCF8A /* Frameworks */ = {
			isa = PBXFrameworksBuildPhase;
			buildActionMask = 2147483647;
			files = (
				B48859881BF9C7C6008DCF8A /* FSKModem.framework in Frameworks */,
			);
			runOnlyForDeploymentPostprocessing = 0;
		};
		B48859721BF9C750008DCF8A /* Frameworks */ = {
			isa = PBXFrameworksBuildPhase;
			buildActionMask = 2147483647;
			files = (
				B488598B1BF9C7D0008DCF8A /* FSKModem.framework in Frameworks */,
			);
			runOnlyForDeploymentPostprocessing = 0;
		};
/* End PBXFrameworksBuildPhase section */

/* Begin PBXGroup section */
		B48858BB1BF9C32D008DCF8A = {
			isa = PBXGroup;
			children = (
				B48859391BF9C545008DCF8A /* AudioToolbox.framework */,
				B48859371BF9C53F008DCF8A /* AVFoundation.framework */,
				B48859351BF9C52E008DCF8A /* AVFoundation.framework */,
				B48859331BF9C520008DCF8A /* AudioToolbox.framework */,
				B48859321BF9C41E008DCF8A /* Source */,
				B48858E41BF9C35B008DCF8A /* iOS */,
				B48858F11BF9C388008DCF8A /* OSX */,
				B488595B1BF9C73D008DCF8A /* iOS Example */,
				B48859761BF9C750008DCF8A /* OSX Example */,
				B48858C51BF9C32D008DCF8A /* Products */,
			);
			sourceTree = "<group>";
		};
		B48858C51BF9C32D008DCF8A /* Products */ = {
			isa = PBXGroup;
			children = (
				B48858E31BF9C35B008DCF8A /* FSKModem.framework */,
				B48858F01BF9C388008DCF8A /* FSKModem.framework */,
				B488595A1BF9C73D008DCF8A /* iOS Example.app */,
				B48859751BF9C750008DCF8A /* OSX Example.app */,
			);
			name = Products;
			sourceTree = "<group>";
		};
		B48858E41BF9C35B008DCF8A /* iOS */ = {
			isa = PBXGroup;
			children = (
				B48858F81BF9C3E0008DCF8A /* FSKModem.h */,
				B48858E71BF9C35B008DCF8A /* Info.plist */,
			);
			name = iOS;
			path = Source/iOS;
			sourceTree = "<group>";
		};
		B48858F11BF9C388008DCF8A /* OSX */ = {
			isa = PBXGroup;
			children = (
				B48858F21BF9C388008DCF8A /* FSKModem.h */,
				B48858F41BF9C388008DCF8A /* Info.plist */,
			);
			name = OSX;
			path = Source/OSX;
			sourceTree = "<group>";
		};
		B48859321BF9C41E008DCF8A /* Source */ = {
			isa = PBXGroup;
			children = (
				B48859901BF9F579008DCF8A /* Internal */,
				B48859011BF9C403008DCF8A /* JMFSKModem.h */,
				B48859021BF9C403008DCF8A /* JMFSKModem.m */,
				B48859031BF9C403008DCF8A /* JMFSKModemConfiguration.h */,
				B48859041BF9C403008DCF8A /* JMFSKModemConfiguration.m */,
				B48859051BF9C403008DCF8A /* JMFSKModemDelegate.h */,
			);
			name = Source;
			sourceTree = "<group>";
		};
		B488595B1BF9C73D008DCF8A /* iOS Example */ = {
			isa = PBXGroup;
			children = (
				B488595F1BF9C73D008DCF8A /* AppDelegate.h */,
				B48859601BF9C73D008DCF8A /* AppDelegate.m */,
				B48859621BF9C73D008DCF8A /* ViewController.h */,
				B48859631BF9C73D008DCF8A /* ViewController.m */,
				B48859651BF9C73D008DCF8A /* Main.storyboard */,
				B48859681BF9C73D008DCF8A /* Assets.xcassets */,
				B488596A1BF9C73D008DCF8A /* LaunchScreen.storyboard */,
				B488596D1BF9C73D008DCF8A /* Info.plist */,
				B488595C1BF9C73D008DCF8A /* Supporting Files */,
			);
			name = "iOS Example";
			path = Example/iOS;
			sourceTree = "<group>";
		};
		B488595C1BF9C73D008DCF8A /* Supporting Files */ = {
			isa = PBXGroup;
			children = (
				B488595D1BF9C73D008DCF8A /* main.m */,
			);
			name = "Supporting Files";
			sourceTree = "<group>";
		};
		B48859761BF9C750008DCF8A /* OSX Example */ = {
			isa = PBXGroup;
			children = (
				B48859771BF9C750008DCF8A /* AppDelegate.h */,
				B48859781BF9C750008DCF8A /* AppDelegate.m */,
				B488597D1BF9C750008DCF8A /* Assets.xcassets */,
				B488597F1BF9C750008DCF8A /* MainMenu.xib */,
				B48859821BF9C750008DCF8A /* Info.plist */,
				B488597A1BF9C750008DCF8A /* Supporting Files */,
			);
			name = "OSX Example";
			path = Example/OSX;
			sourceTree = "<group>";
		};
		B488597A1BF9C750008DCF8A /* Supporting Files */ = {
			isa = PBXGroup;
			children = (
				B488597B1BF9C750008DCF8A /* main.m */,
			);
			name = "Supporting Files";
			sourceTree = "<group>";
		};
		B48859901BF9F579008DCF8A /* Internal */ = {
			isa = PBXGroup;
			children = (
				B48859911BF9F589008DCF8A /* JMAudioInputStream.h */,
				B48859921BF9F589008DCF8A /* JMAudioInputStream.m */,
				B48859931BF9F589008DCF8A /* JMAudioOutputStream.h */,
				B48859941BF9F589008DCF8A /* JMAudioOutputStream.m */,
				B48859951BF9F589008DCF8A /* JMAudioSource.h */,
				B48859961BF9F589008DCF8A /* JMAudioStream.h */,
				B48859971BF9F589008DCF8A /* JMAudioStream.m */,
				B48859981BF9F589008DCF8A /* JMFSKRecognizer.h */,
				B48859991BF9F589008DCF8A /* JMFSKRecognizer.m */,
				B488599A1BF9F589008DCF8A /* JMFSKRecognizerDelegate.h */,
				B488599B1BF9F589008DCF8A /* JMFSKSerialGenerator.h */,
				B488599C1BF9F589008DCF8A /* JMFSKSerialGenerator.m */,
				B488599D1BF9F589008DCF8A /* JMPatternRecognizer.h */,
				B488599E1BF9F589008DCF8A /* JMProtocolDecoder.h */,
				B488599F1BF9F589008DCF8A /* JMProtocolDecoder.m */,
				B48859A01BF9F589008DCF8A /* JMProtocolDecoderDelegate.h */,
				B48859A11BF9F589008DCF8A /* JMProtocolEncoder.h */,
				B48859A21BF9F589008DCF8A /* JMProtocolEncoder.m */,
				B48859A31BF9F589008DCF8A /* JMQueue.h */,
				B48859A41BF9F589008DCF8A /* JMQueue.m */,
				B48859A51BF9F589008DCF8A /* JMQueueNode.h */,
				B48859A61BF9F589008DCF8A /* JMQueueNode.m */,
			);
			name = Internal;
			sourceTree = "<group>";
		};
/* End PBXGroup section */

/* Begin PBXHeadersBuildPhase section */
		B48858E01BF9C35B008DCF8A /* Headers */ = {
			isa = PBXHeadersBuildPhase;
			buildActionMask = 2147483647;
			files = (
				B48859B31BF9F589008DCF8A /* JMPatternRecognizer.h in Headers */,
				B48859B11BF9F589008DCF8A /* JMFSKSerialGenerator.h in Headers */,
				B48859A71BF9F589008DCF8A /* JMAudioInputStream.h in Headers */,
				B48859A91BF9F589008DCF8A /* JMAudioOutputStream.h in Headers */,
				B48859AC1BF9F589008DCF8A /* JMAudioStream.h in Headers */,
				B48859BB1BF9F589008DCF8A /* JMQueueNode.h in Headers */,
				B48859B61BF9F589008DCF8A /* JMProtocolDecoderDelegate.h in Headers */,
				B48859AE1BF9F589008DCF8A /* JMFSKRecognizer.h in Headers */,
				B48859B71BF9F589008DCF8A /* JMProtocolEncoder.h in Headers */,
				B48859B91BF9F589008DCF8A /* JMQueue.h in Headers */,
				B48859AB1BF9F589008DCF8A /* JMAudioSource.h in Headers */,
				B48859B01BF9F589008DCF8A /* JMFSKRecognizerDelegate.h in Headers */,
				B48859B41BF9F589008DCF8A /* JMProtocolDecoder.h in Headers */,
				B48858F91BF9C3E0008DCF8A /* FSKModem.h in Headers */,
				B488591D1BF9C403008DCF8A /* JMFSKModem.h in Headers */,
				B48859211BF9C403008DCF8A /* JMFSKModemDelegate.h in Headers */,
				B488591F1BF9C403008DCF8A /* JMFSKModemConfiguration.h in Headers */,
			);
			runOnlyForDeploymentPostprocessing = 0;
		};
		B48858ED1BF9C388008DCF8A /* Headers */ = {
			isa = PBXHeadersBuildPhase;
			buildActionMask = 2147483647;
			files = (
				B48858F31BF9C388008DCF8A /* FSKModem.h in Headers */,
				B488594A1BF9C562008DCF8A /* JMFSKModem.h in Headers */,
				B488594B1BF9C562008DCF8A /* JMFSKModemConfiguration.h in Headers */,
				B488594C1BF9C562008DCF8A /* JMFSKModemDelegate.h in Headers */,
				B48859BD1BF9F5B2008DCF8A /* JMAudioInputStream.h in Headers */,
				B48859BE1BF9F5B2008DCF8A /* JMAudioOutputStream.h in Headers */,
				B48859BF1BF9F5B2008DCF8A /* JMAudioSource.h in Headers */,
				B48859C01BF9F5B2008DCF8A /* JMAudioStream.h in Headers */,
				B48859C11BF9F5B2008DCF8A /* JMFSKRecognizer.h in Headers */,
				B48859C21BF9F5B2008DCF8A /* JMFSKRecognizerDelegate.h in Headers */,
				B48859C31BF9F5B2008DCF8A /* JMFSKSerialGenerator.h in Headers */,
				B48859C41BF9F5B2008DCF8A /* JMPatternRecognizer.h in Headers */,
				B48859C51BF9F5B2008DCF8A /* JMProtocolDecoder.h in Headers */,
				B48859C61BF9F5B2008DCF8A /* JMProtocolDecoderDelegate.h in Headers */,
				B48859C71BF9F5B2008DCF8A /* JMProtocolEncoder.h in Headers */,
				B48859C81BF9F5B2008DCF8A /* JMQueue.h in Headers */,
				B48859C91BF9F5B2008DCF8A /* JMQueueNode.h in Headers */,
			);
			runOnlyForDeploymentPostprocessing = 0;
		};
/* End PBXHeadersBuildPhase section */

/* Begin PBXNativeTarget section */
		B48858E21BF9C35B008DCF8A /* FSKModem iOS */ = {
			isa = PBXNativeTarget;
			buildConfigurationList = B48858E81BF9C35B008DCF8A /* Build configuration list for PBXNativeTarget "FSKModem iOS" */;
			buildPhases = (
				B48858DE1BF9C35B008DCF8A /* Sources */,
				B48858DF1BF9C35B008DCF8A /* Frameworks */,
				B48858E01BF9C35B008DCF8A /* Headers */,
				B48858E11BF9C35B008DCF8A /* Resources */,
			);
			buildRules = (
			);
			dependencies = (
			);
			name = "FSKModem iOS";
			productName = "FSKModem iOS";
			productReference = B48858E31BF9C35B008DCF8A /* FSKModem.framework */;
			productType = "com.apple.product-type.framework";
		};
		B48858EF1BF9C388008DCF8A /* FSKModem OSX */ = {
			isa = PBXNativeTarget;
			buildConfigurationList = B48858F51BF9C388008DCF8A /* Build configuration list for PBXNativeTarget "FSKModem OSX" */;
			buildPhases = (
				B48858EB1BF9C388008DCF8A /* Sources */,
				B48858EC1BF9C388008DCF8A /* Frameworks */,
				B48858ED1BF9C388008DCF8A /* Headers */,
				B48858EE1BF9C388008DCF8A /* Resources */,
			);
			buildRules = (
			);
			dependencies = (
			);
			name = "FSKModem OSX";
			productName = "FSKModem OSX";
			productReference = B48858F01BF9C388008DCF8A /* FSKModem.framework */;
			productType = "com.apple.product-type.framework";
		};
		B48859591BF9C73D008DCF8A /* iOS Example */ = {
			isa = PBXNativeTarget;
			buildConfigurationList = B488596E1BF9C73D008DCF8A /* Build configuration list for PBXNativeTarget "iOS Example" */;
			buildPhases = (
				B48859561BF9C73D008DCF8A /* Sources */,
				B48859571BF9C73D008DCF8A /* Frameworks */,
				B48859581BF9C73D008DCF8A /* Resources */,
				B488598A1BF9C7C6008DCF8A /* Embed Frameworks */,
			);
			buildRules = (
			);
			dependencies = (
				B48859871BF9C7B1008DCF8A /* PBXTargetDependency */,
			);
			name = "iOS Example";
			productName = "iOS Example";
			productReference = B488595A1BF9C73D008DCF8A /* iOS Example.app */;
			productType = "com.apple.product-type.application";
		};
		B48859741BF9C750008DCF8A /* OSX Example */ = {
			isa = PBXNativeTarget;
			buildConfigurationList = B48859831BF9C750008DCF8A /* Build configuration list for PBXNativeTarget "OSX Example" */;
			buildPhases = (
				B48859711BF9C750008DCF8A /* Sources */,
				B48859721BF9C750008DCF8A /* Frameworks */,
				B48859731BF9C750008DCF8A /* Resources */,
				B488598F1BF9C7D0008DCF8A /* Embed Frameworks */,
			);
			buildRules = (
			);
			dependencies = (
				B488598E1BF9C7D0008DCF8A /* PBXTargetDependency */,
			);
			name = "OSX Example";
			productName = "OSX Example";
			productReference = B48859751BF9C750008DCF8A /* OSX Example.app */;
			productType = "com.apple.product-type.application";
		};
/* End PBXNativeTarget section */

/* Begin PBXProject section */
		B48858BC1BF9C32D008DCF8A /* Project object */ = {
			isa = PBXProject;
			attributes = {
				LastUpgradeCheck = 0710;
				ORGANIZATIONNAME = "Jens Meder";
				TargetAttributes = {
					B48858E21BF9C35B008DCF8A = {
						CreatedOnToolsVersion = 7.1.1;
					};
					B48858EF1BF9C388008DCF8A = {
						CreatedOnToolsVersion = 7.1.1;
					};
					B48859591BF9C73D008DCF8A = {
						CreatedOnToolsVersion = 7.1.1;
					};
					B48859741BF9C750008DCF8A = {
						CreatedOnToolsVersion = 7.1.1;
					};
				};
			};
			buildConfigurationList = B48858BF1BF9C32D008DCF8A /* Build configuration list for PBXProject "FSKModem" */;
			compatibilityVersion = "Xcode 3.2";
			developmentRegion = English;
			hasScannedForEncodings = 0;
			knownRegions = (
				en,
				Base,
			);
			mainGroup = B48858BB1BF9C32D008DCF8A;
			productRefGroup = B48858C51BF9C32D008DCF8A /* Products */;
			projectDirPath = "";
			projectRoot = "";
			targets = (
				B48858E21BF9C35B008DCF8A /* FSKModem iOS */,
				B48858EF1BF9C388008DCF8A /* FSKModem OSX */,
				B48859591BF9C73D008DCF8A /* iOS Example */,
				B48859741BF9C750008DCF8A /* OSX Example */,
			);
		};
/* End PBXProject section */

/* Begin PBXResourcesBuildPhase section */
		B48858E11BF9C35B008DCF8A /* Resources */ = {
			isa = PBXResourcesBuildPhase;
			buildActionMask = 2147483647;
			files = (
			);
			runOnlyForDeploymentPostprocessing = 0;
		};
		B48858EE1BF9C388008DCF8A /* Resources */ = {
			isa = PBXResourcesBuildPhase;
			buildActionMask = 2147483647;
			files = (
			);
			runOnlyForDeploymentPostprocessing = 0;
		};
		B48859581BF9C73D008DCF8A /* Resources */ = {
			isa = PBXResourcesBuildPhase;
			buildActionMask = 2147483647;
			files = (
				B488596C1BF9C73D008DCF8A /* LaunchScreen.storyboard in Resources */,
				B48859691BF9C73D008DCF8A /* Assets.xcassets in Resources */,
				B48859671BF9C73D008DCF8A /* Main.storyboard in Resources */,
			);
			runOnlyForDeploymentPostprocessing = 0;
		};
		B48859731BF9C750008DCF8A /* Resources */ = {
			isa = PBXResourcesBuildPhase;
			buildActionMask = 2147483647;
			files = (
				B488597E1BF9C750008DCF8A /* Assets.xcassets in Resources */,
				B48859811BF9C750008DCF8A /* MainMenu.xib in Resources */,
			);
			runOnlyForDeploymentPostprocessing = 0;
		};
/* End PBXResourcesBuildPhase section */

/* Begin PBXSourcesBuildPhase section */
		B48858DE1BF9C35B008DCF8A /* Sources */ = {
			isa = PBXSourcesBuildPhase;
			buildActionMask = 2147483647;
			files = (
				B48859BA1BF9F589008DCF8A /* JMQueue.m in Sources */,
				B48859B81BF9F589008DCF8A /* JMProtocolEncoder.m in Sources */,
				B488591E1BF9C403008DCF8A /* JMFSKModem.m in Sources */,
				B48859AF1BF9F589008DCF8A /* JMFSKRecognizer.m in Sources */,
				B48859A81BF9F589008DCF8A /* JMAudioInputStream.m in Sources */,
				B48859AA1BF9F589008DCF8A /* JMAudioOutputStream.m in Sources */,
				B48859B21BF9F589008DCF8A /* JMFSKSerialGenerator.m in Sources */,
				B48859B51BF9F589008DCF8A /* JMProtocolDecoder.m in Sources */,
				B48859AD1BF9F589008DCF8A /* JMAudioStream.m in Sources */,
				B48859201BF9C403008DCF8A /* JMFSKModemConfiguration.m in Sources */,
				B48859BC1BF9F589008DCF8A /* JMQueueNode.m in Sources */,
			);
			runOnlyForDeploymentPostprocessing = 0;
		};
		B48858EB1BF9C388008DCF8A /* Sources */ = {
			isa = PBXSourcesBuildPhase;
			buildActionMask = 2147483647;
			files = (
				B488593E1BF9C556008DCF8A /* JMFSKModem.m in Sources */,
				B488593F1BF9C556008DCF8A /* JMFSKModemConfiguration.m in Sources */,
			);
			runOnlyForDeploymentPostprocessing = 0;
		};
		B48859561BF9C73D008DCF8A /* Sources */ = {
			isa = PBXSourcesBuildPhase;
			buildActionMask = 2147483647;
			files = (
				B48859641BF9C73D008DCF8A /* ViewController.m in Sources */,
				B48859611BF9C73D008DCF8A /* AppDelegate.m in Sources */,
				B488595E1BF9C73D008DCF8A /* main.m in Sources */,
			);
			runOnlyForDeploymentPostprocessing = 0;
		};
		B48859711BF9C750008DCF8A /* Sources */ = {
			isa = PBXSourcesBuildPhase;
			buildActionMask = 2147483647;
			files = (
				B488597C1BF9C750008DCF8A /* main.m in Sources */,
				B48859791BF9C750008DCF8A /* AppDelegate.m in Sources */,
			);
			runOnlyForDeploymentPostprocessing = 0;
		};
/* End PBXSourcesBuildPhase section */

/* Begin PBXTargetDependency section */
		B48859871BF9C7B1008DCF8A /* PBXTargetDependency */ = {
			isa = PBXTargetDependency;
			target = B48858E21BF9C35B008DCF8A /* FSKModem iOS */;
			targetProxy = B48859861BF9C7B1008DCF8A /* PBXContainerItemProxy */;
		};
		B488598E1BF9C7D0008DCF8A /* PBXTargetDependency */ = {
			isa = PBXTargetDependency;
			target = B48858EF1BF9C388008DCF8A /* FSKModem OSX */;
			targetProxy = B488598D1BF9C7D0008DCF8A /* PBXContainerItemProxy */;
		};
/* End PBXTargetDependency section */

/* Begin PBXVariantGroup section */
		B48859651BF9C73D008DCF8A /* Main.storyboard */ = {
			isa = PBXVariantGroup;
			children = (
				B48859661BF9C73D008DCF8A /* Base */,
			);
			name = Main.storyboard;
			sourceTree = "<group>";
		};
		B488596A1BF9C73D008DCF8A /* LaunchScreen.storyboard */ = {
			isa = PBXVariantGroup;
			children = (
				B488596B1BF9C73D008DCF8A /* Base */,
			);
			name = LaunchScreen.storyboard;
			sourceTree = "<group>";
		};
		B488597F1BF9C750008DCF8A /* MainMenu.xib */ = {
			isa = PBXVariantGroup;
			children = (
				B48859801BF9C750008DCF8A /* Base */,
			);
			name = MainMenu.xib;
			sourceTree = "<group>";
		};
/* End PBXVariantGroup section */

/* Begin XCBuildConfiguration section */
		B48858D91BF9C32D008DCF8A /* Debug */ = {
			isa = XCBuildConfiguration;
			buildSettings = {
				ALWAYS_SEARCH_USER_PATHS = NO;
				CLANG_CXX_LANGUAGE_STANDARD = "gnu++0x";
				CLANG_CXX_LIBRARY = "libc++";
				CLANG_ENABLE_MODULES = YES;
				CLANG_ENABLE_OBJC_ARC = YES;
				CLANG_WARN_BOOL_CONVERSION = YES;
				CLANG_WARN_CONSTANT_CONVERSION = YES;
				CLANG_WARN_DIRECT_OBJC_ISA_USAGE = YES_ERROR;
				CLANG_WARN_EMPTY_BODY = YES;
				CLANG_WARN_ENUM_CONVERSION = YES;
				CLANG_WARN_INT_CONVERSION = YES;
				CLANG_WARN_OBJC_ROOT_CLASS = YES_ERROR;
				CLANG_WARN_UNREACHABLE_CODE = YES;
				CLANG_WARN__DUPLICATE_METHOD_MATCH = YES;
				"CODE_SIGN_IDENTITY[sdk=iphoneos*]" = "iPhone Developer";
				COPY_PHASE_STRIP = NO;
				DEBUG_INFORMATION_FORMAT = dwarf;
				ENABLE_STRICT_OBJC_MSGSEND = YES;
				ENABLE_TESTABILITY = YES;
				GCC_C_LANGUAGE_STANDARD = gnu99;
				GCC_DYNAMIC_NO_PIC = NO;
				GCC_NO_COMMON_BLOCKS = YES;
				GCC_OPTIMIZATION_LEVEL = 0;
				GCC_PREPROCESSOR_DEFINITIONS = (
					"DEBUG=1",
					"$(inherited)",
				);
				GCC_WARN_64_TO_32_BIT_CONVERSION = YES;
				GCC_WARN_ABOUT_RETURN_TYPE = YES_ERROR;
				GCC_WARN_UNDECLARED_SELECTOR = YES;
				GCC_WARN_UNINITIALIZED_AUTOS = YES_AGGRESSIVE;
				GCC_WARN_UNUSED_FUNCTION = YES;
				GCC_WARN_UNUSED_VARIABLE = YES;
				IPHONEOS_DEPLOYMENT_TARGET = 9.1;
				MTL_ENABLE_DEBUG_INFO = YES;
				ONLY_ACTIVE_ARCH = YES;
				SDKROOT = iphoneos;
				TARGETED_DEVICE_FAMILY = "1,2";
			};
			name = Debug;
		};
		B48858DA1BF9C32D008DCF8A /* Release */ = {
			isa = XCBuildConfiguration;
			buildSettings = {
				ALWAYS_SEARCH_USER_PATHS = NO;
				CLANG_CXX_LANGUAGE_STANDARD = "gnu++0x";
				CLANG_CXX_LIBRARY = "libc++";
				CLANG_ENABLE_MODULES = YES;
				CLANG_ENABLE_OBJC_ARC = YES;
				CLANG_WARN_BOOL_CONVERSION = YES;
				CLANG_WARN_CONSTANT_CONVERSION = YES;
				CLANG_WARN_DIRECT_OBJC_ISA_USAGE = YES_ERROR;
				CLANG_WARN_EMPTY_BODY = YES;
				CLANG_WARN_ENUM_CONVERSION = YES;
				CLANG_WARN_INT_CONVERSION = YES;
				CLANG_WARN_OBJC_ROOT_CLASS = YES_ERROR;
				CLANG_WARN_UNREACHABLE_CODE = YES;
				CLANG_WARN__DUPLICATE_METHOD_MATCH = YES;
				"CODE_SIGN_IDENTITY[sdk=iphoneos*]" = "iPhone Developer";
				COPY_PHASE_STRIP = NO;
				DEBUG_INFORMATION_FORMAT = "dwarf-with-dsym";
				ENABLE_NS_ASSERTIONS = NO;
				ENABLE_STRICT_OBJC_MSGSEND = YES;
				GCC_C_LANGUAGE_STANDARD = gnu99;
				GCC_NO_COMMON_BLOCKS = YES;
				GCC_WARN_64_TO_32_BIT_CONVERSION = YES;
				GCC_WARN_ABOUT_RETURN_TYPE = YES_ERROR;
				GCC_WARN_UNDECLARED_SELECTOR = YES;
				GCC_WARN_UNINITIALIZED_AUTOS = YES_AGGRESSIVE;
				GCC_WARN_UNUSED_FUNCTION = YES;
				GCC_WARN_UNUSED_VARIABLE = YES;
				IPHONEOS_DEPLOYMENT_TARGET = 9.1;
				MTL_ENABLE_DEBUG_INFO = NO;
				SDKROOT = iphoneos;
				TARGETED_DEVICE_FAMILY = "1,2";
				VALIDATE_PRODUCT = YES;
			};
			name = Release;
		};
		B48858E91BF9C35B008DCF8A /* Debug */ = {
			isa = XCBuildConfiguration;
			buildSettings = {
				CURRENT_PROJECT_VERSION = 1;
				DEFINES_MODULE = YES;
				DYLIB_COMPATIBILITY_VERSION = 1;
				DYLIB_CURRENT_VERSION = 1;
				DYLIB_INSTALL_NAME_BASE = "@rpath";
				INFOPLIST_FILE = Source/iOS/Info.plist;
				INSTALL_PATH = "$(LOCAL_LIBRARY_DIR)/Frameworks";
				IPHONEOS_DEPLOYMENT_TARGET = 8.0;
				LD_RUNPATH_SEARCH_PATHS = "$(inherited) @executable_path/Frameworks @loader_path/Frameworks";
				PRODUCT_BUNDLE_IDENTIFIER = "de.jensmeder.FSKModem-iOS";
				PRODUCT_NAME = FSKModem;
				SKIP_INSTALL = YES;
				VERSIONING_SYSTEM = "apple-generic";
				VERSION_INFO_PREFIX = "";
			};
			name = Debug;
		};
		B48858EA1BF9C35B008DCF8A /* Release */ = {
			isa = XCBuildConfiguration;
			buildSettings = {
				CURRENT_PROJECT_VERSION = 1;
				DEFINES_MODULE = YES;
				DYLIB_COMPATIBILITY_VERSION = 1;
				DYLIB_CURRENT_VERSION = 1;
				DYLIB_INSTALL_NAME_BASE = "@rpath";
				INFOPLIST_FILE = Source/iOS/Info.plist;
				INSTALL_PATH = "$(LOCAL_LIBRARY_DIR)/Frameworks";
				IPHONEOS_DEPLOYMENT_TARGET = 8.0;
				LD_RUNPATH_SEARCH_PATHS = "$(inherited) @executable_path/Frameworks @loader_path/Frameworks";
				PRODUCT_BUNDLE_IDENTIFIER = "de.jensmeder.FSKModem-iOS";
				PRODUCT_NAME = FSKModem;
				SKIP_INSTALL = YES;
				VERSIONING_SYSTEM = "apple-generic";
				VERSION_INFO_PREFIX = "";
			};
			name = Release;
		};
		B48858F61BF9C388008DCF8A /* Debug */ = {
			isa = XCBuildConfiguration;
			buildSettings = {
				CODE_SIGN_IDENTITY = "-";
				COMBINE_HIDPI_IMAGES = YES;
				CURRENT_PROJECT_VERSION = 1;
				DEFINES_MODULE = YES;
				DYLIB_COMPATIBILITY_VERSION = 1;
				DYLIB_CURRENT_VERSION = 1;
				DYLIB_INSTALL_NAME_BASE = "@rpath";
				FRAMEWORK_VERSION = A;
				INFOPLIST_FILE = Source/OSX/Info.plist;
				INSTALL_PATH = "$(LOCAL_LIBRARY_DIR)/Frameworks";
				LD_RUNPATH_SEARCH_PATHS = "$(inherited) @executable_path/../Frameworks @loader_path/Frameworks";
				MACOSX_DEPLOYMENT_TARGET = 10.11;
				PRODUCT_BUNDLE_IDENTIFIER = "de.jensmeder.FSKModem-OSX";
				PRODUCT_NAME = FSKModem;
				SDKROOT = macosx;
				SKIP_INSTALL = YES;
				VERSIONING_SYSTEM = "apple-generic";
				VERSION_INFO_PREFIX = "";
			};
			name = Debug;
		};
		B48858F71BF9C388008DCF8A /* Release */ = {
			isa = XCBuildConfiguration;
			buildSettings = {
				CODE_SIGN_IDENTITY = "-";
				COMBINE_HIDPI_IMAGES = YES;
				CURRENT_PROJECT_VERSION = 1;
				DEFINES_MODULE = YES;
				DYLIB_COMPATIBILITY_VERSION = 1;
				DYLIB_CURRENT_VERSION = 1;
				DYLIB_INSTALL_NAME_BASE = "@rpath";
				FRAMEWORK_VERSION = A;
				INFOPLIST_FILE = Source/OSX/Info.plist;
				INSTALL_PATH = "$(LOCAL_LIBRARY_DIR)/Frameworks";
				LD_RUNPATH_SEARCH_PATHS = "$(inherited) @executable_path/../Frameworks @loader_path/Frameworks";
				MACOSX_DEPLOYMENT_TARGET = 10.11;
				PRODUCT_BUNDLE_IDENTIFIER = "de.jensmeder.FSKModem-OSX";
				PRODUCT_NAME = FSKModem;
				SDKROOT = macosx;
				SKIP_INSTALL = YES;
				VERSIONING_SYSTEM = "apple-generic";
				VERSION_INFO_PREFIX = "";
			};
			name = Release;
		};
		B488596F1BF9C73D008DCF8A /* Debug */ = {
			isa = XCBuildConfiguration;
			buildSettings = {
				ASSETCATALOG_COMPILER_APPICON_NAME = AppIcon;
				INFOPLIST_FILE = Example/iOS/Info.plist;
				LD_RUNPATH_SEARCH_PATHS = "$(inherited) @executable_path/Frameworks";
				PRODUCT_BUNDLE_IDENTIFIER = "de.jensmeder.iOS-Example";
				PRODUCT_NAME = "$(TARGET_NAME)";
			};
			name = Debug;
		};
		B48859701BF9C73D008DCF8A /* Release */ = {
			isa = XCBuildConfiguration;
			buildSettings = {
				ASSETCATALOG_COMPILER_APPICON_NAME = AppIcon;
				INFOPLIST_FILE = Example/iOS/Info.plist;
				LD_RUNPATH_SEARCH_PATHS = "$(inherited) @executable_path/Frameworks";
				PRODUCT_BUNDLE_IDENTIFIER = "de.jensmeder.iOS-Example";
				PRODUCT_NAME = "$(TARGET_NAME)";
			};
			name = Release;
		};
		B48859841BF9C750008DCF8A /* Debug */ = {
			isa = XCBuildConfiguration;
			buildSettings = {
				ASSETCATALOG_COMPILER_APPICON_NAME = AppIcon;
				CODE_SIGN_IDENTITY = "-";
				COMBINE_HIDPI_IMAGES = YES;
				INFOPLIST_FILE = Example/OSX/Info.plist;
				LD_RUNPATH_SEARCH_PATHS = "$(inherited) @executable_path/../Frameworks";
				MACOSX_DEPLOYMENT_TARGET = 10.11;
				PRODUCT_BUNDLE_IDENTIFIER = "de.jensmeder.OSX-Example";
				PRODUCT_NAME = "$(TARGET_NAME)";
				SDKROOT = macosx;
			};
			name = Debug;
		};
		B48859851BF9C750008DCF8A /* Release */ = {
			isa = XCBuildConfiguration;
			buildSettings = {
				ASSETCATALOG_COMPILER_APPICON_NAME = AppIcon;
				CODE_SIGN_IDENTITY = "-";
				COMBINE_HIDPI_IMAGES = YES;
				INFOPLIST_FILE = Example/OSX/Info.plist;
				LD_RUNPATH_SEARCH_PATHS = "$(inherited) @executable_path/../Frameworks";
				MACOSX_DEPLOYMENT_TARGET = 10.11;
				PRODUCT_BUNDLE_IDENTIFIER = "de.jensmeder.OSX-Example";
				PRODUCT_NAME = "$(TARGET_NAME)";
				SDKROOT = macosx;
			};
			name = Release;
		};
/* End XCBuildConfiguration section */

/* Begin XCConfigurationList section */
		B48858BF1BF9C32D008DCF8A /* Build configuration list for PBXProject "FSKModem" */ = {
			isa = XCConfigurationList;
			buildConfigurations = (
				B48858D91BF9C32D008DCF8A /* Debug */,
				B48858DA1BF9C32D008DCF8A /* Release */,
			);
			defaultConfigurationIsVisible = 0;
			defaultConfigurationName = Release;
		};
		B48858E81BF9C35B008DCF8A /* Build configuration list for PBXNativeTarget "FSKModem iOS" */ = {
			isa = XCConfigurationList;
			buildConfigurations = (
				B48858E91BF9C35B008DCF8A /* Debug */,
				B48858EA1BF9C35B008DCF8A /* Release */,
			);
			defaultConfigurationIsVisible = 0;
			defaultConfigurationName = Release;
		};
		B48858F51BF9C388008DCF8A /* Build configuration list for PBXNativeTarget "FSKModem OSX" */ = {
			isa = XCConfigurationList;
			buildConfigurations = (
				B48858F61BF9C388008DCF8A /* Debug */,
				B48858F71BF9C388008DCF8A /* Release */,
			);
			defaultConfigurationIsVisible = 0;
			defaultConfigurationName = Release;
		};
		B488596E1BF9C73D008DCF8A /* Build configuration list for PBXNativeTarget "iOS Example" */ = {
			isa = XCConfigurationList;
			buildConfigurations = (
				B488596F1BF9C73D008DCF8A /* Debug */,
				B48859701BF9C73D008DCF8A /* Release */,
			);
			defaultConfigurationIsVisible = 0;
			defaultConfigurationName = Release;
		};
		B48859831BF9C750008DCF8A /* Build configuration list for PBXNativeTarget "OSX Example" */ = {
			isa = XCConfigurationList;
			buildConfigurations = (
				B48859841BF9C750008DCF8A /* Debug */,
				B48859851BF9C750008DCF8A /* Release */,
			);
			defaultConfigurationIsVisible = 0;
			defaultConfigurationName = Release;
		};
/* End XCConfigurationList section */
	};
	rootObject = B48858BC1BF9C32D008DCF8A /* Project object */;
}
